
Microsoft Visual Studio Solution File, Format Version 12.00
# Visual Studio 2013
VisualStudioVersion = 12.0.31101.0
MinimumVisualStudioVersion = 10.0.40219.1
Project("{FAE04EC0-301F-11D3-BF4B-00C04F79EFBC}") = "MyLibraryApp.DAL", "MyLibraryApp.DAL\MyLibraryApp.DAL.csproj", "{B8434E7C-AB75-4E9B-ABE0-150F15562056}"
EndProject
Project("{FAE04EC0-301F-11D3-BF4B-00C04F79EFBC}") = "MyLibraryApp.UI", "MyLibraryApp.UI\MyLibraryApp.UI.csproj", "{95EA19AE-41D9-42F3-A807-1EB7D0899C6E}"
EndProject
Global
	GlobalSection(SolutionConfigurationPlatforms) = preSolution
		Debug|Any CPU = Debug|Any CPU
		Release|Any CPU = Release|Any CPU
	EndGlobalSection
	GlobalSection(ProjectConfigurationPlatforms) = postSolution
		{B8434E7C-AB75-4E9B-ABE0-150F15562056}.Debug|Any CPU.ActiveCfg = Debug|Any CPU
		{B8434E7C-AB75-4E9B-ABE0-150F15562056}.Debug|Any CPU.Build.0 = Debug|Any CPU
		{B8434E7C-AB75-4E9B-ABE0-150F15562056}.Release|Any CPU.ActiveCfg = Release|Any CPU
		{B8434E7C-AB75-4E9B-ABE0-150F15562056}.Release|Any CPU.Build.0 = Release|Any CPU
		{95EA19AE-41D9-42F3-A807-1EB7D0899C6E}.Debug|Any CPU.ActiveCfg = Debug|Any CPU
		{95EA19AE-41D9-42F3-A807-1EB7D0899C6E}.Debug|Any CPU.Build.0 = Debug|Any CPU
		{95EA19AE-41D9-42F3-A807-1EB7D0899C6E}.Release|Any CPU.ActiveCfg = Release|Any CPU
		{95EA19AE-41D9-42F3-A807-1EB7D0899C6E}.Release|Any CPU.Build.0 = Release|Any CPU
	EndGlobalSection
	GlobalSection(SolutionProperties) = preSolution
		HideSolutionNode = FALSE
	EndGlobalSection
EndGlobal
